// !$*UTF8*$!
{
	archiveVersion = 1;
	classes = {
	};
	objectVersion = 46;
	objects = {

/* Begin PBXBuildFile section */
		141FF6C91C32914C00DE3280 /* AppDelegate.swift in Sources */ = {isa = PBXBuildFile; fileRef = 141FF6C81C32914C00DE3280 /* AppDelegate.swift */; };
		141FF6CB1C32914C00DE3280 /* ViewController.swift in Sources */ = {isa = PBXBuildFile; fileRef = 141FF6CA1C32914C00DE3280 /* ViewController.swift */; };
		141FF6CE1C32914C00DE3280 /* Main.storyboard in Resources */ = {isa = PBXBuildFile; fileRef = 141FF6CC1C32914C00DE3280 /* Main.storyboard */; };
		141FF6D01C32914C00DE3280 /* Assets.xcassets in Resources */ = {isa = PBXBuildFile; fileRef = 141FF6CF1C32914C00DE3280 /* Assets.xcassets */; };
		141FF6D31C32914C00DE3280 /* LaunchScreen.storyboard in Resources */ = {isa = PBXBuildFile; fileRef = 141FF6D11C32914C00DE3280 /* LaunchScreen.storyboard */; };
		141FF6DB1C32952A00DE3280 /* pokemon.csv in Resources */ = {isa = PBXBuildFile; fileRef = 141FF6DA1C32952A00DE3280 /* pokemon.csv */; };
		141FF6DE1C32970E00DE3280 /* Pockmon.swift in Sources */ = {isa = PBXBuildFile; fileRef = 141FF6DD1C32970E00DE3280 /* Pockmon.swift */; };
/* End PBXBuildFile section */

/* Begin PBXFileReference section */
		141FF6C51C32914C00DE3280 /* pockdex-by-quan.app */ = {isa = PBXFileReference; explicitFileType = wrapper.application; includeInIndex = 0; path = "pockdex-by-quan.app"; sourceTree = BUILT_PRODUCTS_DIR; };
		141FF6C81C32914C00DE3280 /* AppDelegate.swift */ = {isa = PBXFileReference; lastKnownFileType = sourcecode.swift; path = AppDelegate.swift; sourceTree = "<group>"; };
		141FF6CA1C32914C00DE3280 /* ViewController.swift */ = {isa = PBXFileReference; lastKnownFileType = sourcecode.swift; path = ViewController.swift; sourceTree = "<group>"; };
		141FF6CD1C32914C00DE3280 /* Base */ = {isa = PBXFileReference; lastKnownFileType = file.storyboard; name = Base; path = Base.lproj/Main.storyboard; sourceTree = "<group>"; };
		141FF6CF1C32914C00DE3280 /* Assets.xcassets */ = {isa = PBXFileReference; lastKnownFileType = folder.assetcatalog; path = Assets.xcassets; sourceTree = "<group>"; };
		141FF6D21C32914C00DE3280 /* Base */ = {isa = PBXFileReference; lastKnownFileType = file.storyboard; name = Base; path = Base.lproj/LaunchScreen.storyboard; sourceTree = "<group>"; };
		141FF6D41C32914C00DE3280 /* Info.plist */ = {isa = PBXFileReference; lastKnownFileType = text.plist.xml; path = Info.plist; sourceTree = "<group>"; };
		141FF6DA1C32952A00DE3280 /* pokemon.csv */ = {isa = PBXFileReference; fileEncoding = 4; lastKnownFileType = text; path = pokemon.csv; sourceTree = "<group>"; };
		141FF6DD1C32970E00DE3280 /* Pockmon.swift */ = {isa = PBXFileReference; fileEncoding = 4; lastKnownFileType = sourcecode.swift; path = Pockmon.swift; sourceTree = "<group>"; };
/* End PBXFileReference section */

/* Begin PBXFrameworksBuildPhase section */
		141FF6C21C32914C00DE3280 /* Frameworks */ = {
			isa = PBXFrameworksBuildPhase;
			buildActionMask = 2147483647;
			files = (
			);
			runOnlyForDeploymentPostprocessing = 0;
		};
/* End PBXFrameworksBuildPhase section */

/* Begin PBXGroup section */
		141FF6BC1C32914C00DE3280 = {
			isa = PBXGroup;
			children = (
				141FF6C71C32914C00DE3280 /* pockdex-by-quan */,
				141FF6C61C32914C00DE3280 /* Products */,
			);
			sourceTree = "<group>";
		};
		141FF6C61C32914C00DE3280 /* Products */ = {
			isa = PBXGroup;
			children = (
				141FF6C51C32914C00DE3280 /* pockdex-by-quan.app */,
			);
			name = Products;
			sourceTree = "<group>";
		};
		141FF6C71C32914C00DE3280 /* pockdex-by-quan */ = {
			isa = PBXGroup;
			children = (
				141FF6DC1C3296E700DE3280 /* Model */,
				141FF6C81C32914C00DE3280 /* AppDelegate.swift */,
				141FF6CA1C32914C00DE3280 /* ViewController.swift */,
				141FF6CC1C32914C00DE3280 /* Main.storyboard */,
				141FF6DA1C32952A00DE3280 /* pokemon.csv */,
				141FF6CF1C32914C00DE3280 /* Assets.xcassets */,
				141FF6D11C32914C00DE3280 /* LaunchScreen.storyboard */,
				141FF6D41C32914C00DE3280 /* Info.plist */,
			);
			path = "pockdex-by-quan";
			sourceTree = "<group>";
		};
		141FF6DC1C3296E700DE3280 /* Model */ = {
			isa = PBXGroup;
			children = (
				141FF6DD1C32970E00DE3280 /* Pockmon.swift */,
			);
			name = Model;
			sourceTree = "<group>";
		};
/* End PBXGroup section */

/* Begin PBXNativeTarget section */
		141FF6C41C32914C00DE3280 /* pockdex-by-quan */ = {
			isa = PBXNativeTarget;
			buildConfigurationList = 141FF6D71C32914C00DE3280 /* Build configuration list for PBXNativeTarget "pockdex-by-quan" */;
			buildPhases = (
				141FF6C11C32914C00DE3280 /* Sources */,
				141FF6C21C32914C00DE3280 /* Frameworks */,
				141FF6C31C32914C00DE3280 /* Resources */,
			);
			buildRules = (
			);
			dependencies = (
			);
			name = "pockdex-by-quan";
			productName = "pockdex-by-quan";
			productReference = 141FF6C51C32914C00DE3280 /* pockdex-by-quan.app */;
			productType = "com.apple.product-type.application";
		};
/* End PBXNativeTarget section */

/* Begin PBXProject section */
		141FF6BD1C32914C00DE3280 /* Project object */ = {
			isa = PBXProject;
			attributes = {
				LastSwiftUpdateCheck = 0720;
				LastUpgradeCheck = 0720;
				ORGANIZATIONNAME = Quan;
				TargetAttributes = {
					141FF6C41C32914C00DE3280 = {
						CreatedOnToolsVersion = 7.2;
					};
				};
			};
			buildConfigurationList = 141FF6C01C32914C00DE3280 /* Build configuration list for PBXProject "pockdex-by-quan" */;
			compatibilityVersion = "Xcode 3.2";
			developmentRegion = English;
			hasScannedForEncodings = 0;
			knownRegions = (
				en,
				Base,
			);
			mainGroup = 141FF6BC1C32914C00DE3280;
			productRefGroup = 141FF6C61C32914C00DE3280 /* Products */;
			projectDirPath = "";
			projectRoot = "";
			targets = (
				141FF6C41C32914C00DE3280 /* pockdex-by-quan */,
			);
		};
/* End PBXProject section */

/* Begin PBXResourcesBuildPhase section */
		141FF6C31C32914C00DE3280 /* Resources */ = {
			isa = PBXResourcesBuildPhase;
			buildActionMask = 2147483647;
			files = (
				141FF6D31C32914C00DE3280 /* LaunchScreen.storyboard in Resources */,
				141FF6D01C32914C00DE3280 /* Assets.xcassets in Resources */,
				141FF6DB1C32952A00DE3280 /* pokemon.csv in Resources */,
				141FF6CE1C32914C00DE3280 /* Main.storyboard in Resources */,
			);
			runOnlyForDeploymentPostprocessing = 0;
		};
/* End PBXResourcesBuildPhase section */

/* Begin PBXSourcesBuildPhase section */
		141FF6C11C32914C00DE3280 /* Sources */ = {
			isa = PBXSourcesBuildPhase;
			buildActionMask = 2147483647;
			files = (
				141FF6DE1C32970E00DE3280 /* Pockmon.swift in Sources */,
				141FF6CB1C32914C00DE3280 /* ViewController.swift in Sources */,
				141FF6C91C32914C00DE3280 /* AppDelegate.swift in Sources */,
			);
			runOnlyForDeploymentPostprocessing = 0;
		};
/* End PBXSourcesBuildPhase section */

/* Begin PBXVariantGroup section */
		141FF6CC1C32914C00DE3280 /* Main.storyboard */ = {
			isa = PBXVariantGroup;
			children = (
				141FF6CD1C32914C00DE3280 /* Base */,
			);
			name = Main.storyboard;
			sourceTree = "<group>";
		};
		141FF6D11C32914C00DE3280 /* LaunchScreen.storyboard */ = {
			isa = PBXVariantGroup;
			children = (
				141FF6D21C32914C00DE3280 /* Base */,
			);
			name = LaunchScreen.storyboard;
			sourceTree = "<group>";
		};
/* End PBXVariantGroup section */

/* Begin XCBuildConfiguration section */
		141FF6D51C32914C00DE3280 /* Debug */ = {
			isa = XCBuildConfiguration;
			buildSettings = {
				ALWAYS_SEARCH_USER_PATHS = NO;
				CLANG_CXX_LANGUAGE_STANDARD = "gnu++0x";
				CLANG_CXX_LIBRARY = "libc++";
				CLANG_ENABLE_MODULES = YES;
				CLANG_ENABLE_OBJC_ARC = YES;
				CLANG_WARN_BOOL_CONVERSION = YES;
				CLANG_WARN_CONSTANT_CONVERSION = YES;
				CLANG_WARN_DIRECT_OBJC_ISA_USAGE = YES_ERROR;
				CLANG_WARN_EMPTY_BODY = YES;
				CLANG_WARN_ENUM_CONVERSION = YES;
				CLANG_WARN_INT_CONVERSION = YES;
				CLANG_WARN_OBJC_ROOT_CLASS = YES_ERROR;
				CLANG_WARN_UNREACHABLE_CODE = YES;
				CLANG_WARN__DUPLICATE_METHOD_MATCH = YES;
				"CODE_SIGN_IDENTITY[sdk=iphoneos*]" = "iPhone Developer";
				COPY_PHASE_STRIP = NO;
				DEBUG_INFORMATION_FORMAT = dwarf;
				ENABLE_STRICT_OBJC_MSGSEND = YES;
				ENABLE_TESTABILITY = YES;
				GCC_C_LANGUAGE_STANDARD = gnu99;
				GCC_DYNAMIC_NO_PIC = NO;
				GCC_NO_COMMON_BLOCKS = YES;
				GCC_OPTIMIZATION_LEVEL = 0;
				GCC_PREPROCESSOR_DEFINITIONS = (
					"DEBUG=1",
					"$(inherited)",
				);
				GCC_WARN_64_TO_32_BIT_CONVERSION = YES;
				GCC_WARN_ABOUT_RETURN_TYPE = YES_ERROR;
				GCC_WARN_UNDECLARED_SELECTOR = YES;
				GCC_WARN_UNINITIALIZED_AUTOS = YES_AGGRESSIVE;
				GCC_WARN_UNUSED_FUNCTION = YES;
				GCC_WARN_UNUSED_VARIABLE = YES;
				IPHONEOS_DEPLOYMENT_TARGET = 9.2;
				MTL_ENABLE_DEBUG_INFO = YES;
				ONLY_ACTIVE_ARCH = YES;
				SDKROOT = iphoneos;
				SWIFT_OPTIMIZATION_LEVEL = "-Onone";
			};
			name = Debug;
		};
		141FF6D61C32914C00DE3280 /* Release */ = {
			isa = XCBuildConfiguration;
			buildSettings = {
				ALWAYS_SEARCH_USER_PATHS = NO;
				CLANG_CXX_LANGUAGE_STANDARD = "gnu++0x";
				CLANG_CXX_LIBRARY = "libc++";
				CLANG_ENABLE_MODULES = YES;
				CLANG_ENABLE_OBJC_ARC = YES;
				CLANG_WARN_BOOL_CONVERSION = YES;
				CLANG_WARN_CONSTANT_CONVERSION = YES;
				CLANG_WARN_DIRECT_OBJC_ISA_USAGE = YES_ERROR;
				CLANG_WARN_EMPTY_BODY = YES;
				CLANG_WARN_ENUM_CONVERSION = YES;
				CLANG_WARN_INT_CONVERSION = YES;
				CLANG_WARN_OBJC_ROOT_CLASS = YES_ERROR;
				CLANG_WARN_UNREACHABLE_CODE = YES;
				CLANG_WARN__DUPLICATE_METHOD_MATCH = YES;
				"CODE_SIGN_IDENTITY[sdk=iphoneos*]" = "iPhone Developer";
				COPY_PHASE_STRIP = NO;
				DEBUG_INFORMATION_FORMAT = "dwarf-with-dsym";
				ENABLE_NS_ASSERTIONS = NO;
				ENABLE_STRICT_OBJC_MSGSEND = YES;
				GCC_C_LANGUAGE_STANDARD = gnu99;
				GCC_NO_COMMON_BLOCKS = YES;
				GCC_WARN_64_TO_32_BIT_CONVERSION = YES;
				GCC_WARN_ABOUT_RETURN_TYPE = YES_ERROR;
				GCC_WARN_UNDECLARED_SELECTOR = YES;
				GCC_WARN_UNINITIALIZED_AUTOS = YES_AGGRESSIVE;
				GCC_WARN_UNUSED_FUNCTION = YES;
				GCC_WARN_UNUSED_VARIABLE = YES;
				IPHONEOS_DEPLOYMENT_TARGET = 9.2;
				MTL_ENABLE_DEBUG_INFO = NO;
				SDKROOT = iphoneos;
				VALIDATE_PRODUCT = YES;
			};
			name = Release;
		};
		141FF6D81C32914C00DE3280 /* Debug */ = {
			isa = XCBuildConfiguration;
			buildSettings = {
				ASSETCATALOG_COMPILER_APPICON_NAME = AppIcon;
				INFOPLIST_FILE = "pockdex-by-quan/Info.plist";
				LD_RUNPATH_SEARCH_PATHS = "$(inherited) @executable_path/Frameworks";
				PRODUCT_BUNDLE_IDENTIFIER = "com.Justicebao.pockdex-by-quan";
				PRODUCT_NAME = "$(TARGET_NAME)";
			};
			name = Debug;
		};
		141FF6D91C32914C00DE3280 /* Release */ = {
			isa = XCBuildConfiguration;
			buildSettings = {
				ASSETCATALOG_COMPILER_APPICON_NAME = AppIcon;
				INFOPLIST_FILE = "pockdex-by-quan/Info.plist";
				LD_RUNPATH_SEARCH_PATHS = "$(inherited) @executable_path/Frameworks";
				PRODUCT_BUNDLE_IDENTIFIER = "com.Justicebao.pockdex-by-quan";
				PRODUCT_NAME = "$(TARGET_NAME)";
			};
			name = Release;
		};
/* End XCBuildConfiguration section */

/* Begin XCConfigurationList section */
		141FF6C01C32914C00DE3280 /* Build configuration list for PBXProject "pockdex-by-quan" */ = {
			isa = XCConfigurationList;
			buildConfigurations = (
				141FF6D51C32914C00DE3280 /* Debug */,
				141FF6D61C32914C00DE3280 /* Release */,
			);
			defaultConfigurationIsVisible = 0;
			defaultConfigurationName = Release;
		};
		141FF6D71C32914C00DE3280 /* Build configuration list for PBXNativeTarget "pockdex-by-quan" */ = {
			isa = XCConfigurationList;
			buildConfigurations = (
				141FF6D81C32914C00DE3280 /* Debug */,
				141FF6D91C32914C00DE3280 /* Release */,
			);
			defaultConfigurationIsVisible = 0;
		};
/* End XCConfigurationList section */
	};
	rootObject = 141FF6BD1C32914C00DE3280 /* Project object */;
}
